
Microsoft Visual Studio Solution File, Format Version 12.00
# Visual Studio Version 16
VisualStudioVersion = 16.0.30804.86
MinimumVisualStudioVersion = 10.0.40219.1
Project("{FAE04EC0-301F-11D3-BF4B-00C04F79EFBC}") = "SoftUni", "..\SoftUni\SoftUni.csproj", "{88734D71-9489-4EDD-AD40-E7B5A520288B}"
EndProject
Global
	GlobalSection(SolutionConfigurationPlatforms) = preSolution
		Debug|Any CPU = Debug|Any CPU
		Release|Any CPU = Release|Any CPU
	EndGlobalSection
	GlobalSection(ProjectConfigurationPlatforms) = postSolution
		{88734D71-9489-4EDD-AD40-E7B5A520288B}.Debug|Any CPU.ActiveCfg = Debug|Any CPU
		{88734D71-9489-4EDD-AD40-E7B5A520288B}.Debug|Any CPU.Build.0 = Debug|Any CPU
		{88734D71-9489-4EDD-AD40-E7B5A520288B}.Release|Any CPU.ActiveCfg = Release|Any CPU
		{88734D71-9489-4EDD-AD40-E7B5A520288B}.Release|Any CPU.Build.0 = Release|Any CPU
	EndGlobalSection
	GlobalSection(SolutionProperties) = preSolution
		HideSolutionNode = FALSE
	EndGlobalSection
	GlobalSection(ExtensibilityGlobals) = postSolution
		SolutionGuid = {68C3F006-D4FD-49BB-955A-3497BDCBF084}
	EndGlobalSection
EndGlobal
