
Microsoft Visual Studio Solution File, Format Version 12.00
# Visual Studio Version 16
VisualStudioVersion = 16.0.30804.86
MinimumVisualStudioVersion = 10.0.40219.1
Project("{9A19103F-16F7-4668-BE54-9A1E7A4F7556}") = "P01_HospitalDatabase", "P01_HospitalDatabase\P01_HospitalDatabase.csproj", "{AF582E65-C28B-46CC-85DA-C45BC137E0C4}"
EndProject
Project("{FAE04EC0-301F-11D3-BF4B-00C04F79EFBC}") = "P03_SalesDatabase", "P03_SalesDatabase\P03_SalesDatabase.csproj", "{04EB44E1-2922-4FBB-BFE0-B4752B2D5AFD}"
EndProject
Global
	GlobalSection(SolutionConfigurationPlatforms) = preSolution
		Debug|Any CPU = Debug|Any CPU
		Release|Any CPU = Release|Any CPU
	EndGlobalSection
	GlobalSection(ProjectConfigurationPlatforms) = postSolution
		{AF582E65-C28B-46CC-85DA-C45BC137E0C4}.Debug|Any CPU.ActiveCfg = Debug|Any CPU
		{AF582E65-C28B-46CC-85DA-C45BC137E0C4}.Debug|Any CPU.Build.0 = Debug|Any CPU
		{AF582E65-C28B-46CC-85DA-C45BC137E0C4}.Release|Any CPU.ActiveCfg = Release|Any CPU
		{AF582E65-C28B-46CC-85DA-C45BC137E0C4}.Release|Any CPU.Build.0 = Release|Any CPU
		{04EB44E1-2922-4FBB-BFE0-B4752B2D5AFD}.Debug|Any CPU.ActiveCfg = Debug|Any CPU
		{04EB44E1-2922-4FBB-BFE0-B4752B2D5AFD}.Debug|Any CPU.Build.0 = Debug|Any CPU
		{04EB44E1-2922-4FBB-BFE0-B4752B2D5AFD}.Release|Any CPU.ActiveCfg = Release|Any CPU
		{04EB44E1-2922-4FBB-BFE0-B4752B2D5AFD}.Release|Any CPU.Build.0 = Release|Any CPU
	EndGlobalSection
	GlobalSection(SolutionProperties) = preSolution
		HideSolutionNode = FALSE
	EndGlobalSection
	GlobalSection(ExtensibilityGlobals) = postSolution
		SolutionGuid = {01B964A0-D9B5-4148-B403-D9092E08D432}
	EndGlobalSection
EndGlobal
